
Microsoft Visual Studio Solution File, Format Version 12.00
# Visual Studio 15
VisualStudioVersion = 15.0.28307.572
MinimumVisualStudioVersion = 10.0.40219.1
Project("{FAE04EC0-301F-11D3-BF4B-00C04F79EFBC}") = "Project Managment", "Project Managment\Project Managment.csproj", "{A4A6D78A-9550-4206-9774-F208D4A00DED}"
EndProject
Global
	GlobalSection(SolutionConfigurationPlatforms) = preSolution
		Debug|Any CPU = Debug|Any CPU
		Release|Any CPU = Release|Any CPU
	EndGlobalSection
	GlobalSection(ProjectConfigurationPlatforms) = postSolution
		{A4A6D78A-9550-4206-9774-F208D4A00DED}.Debug|Any CPU.ActiveCfg = Debug|Any CPU
		{A4A6D78A-9550-4206-9774-F208D4A00DED}.Debug|Any CPU.Build.0 = Debug|Any CPU
		{A4A6D78A-9550-4206-9774-F208D4A00DED}.Release|Any CPU.ActiveCfg = Release|Any CPU
		{A4A6D78A-9550-4206-9774-F208D4A00DED}.Release|Any CPU.Build.0 = Release|Any CPU
	EndGlobalSection
	GlobalSection(SolutionProperties) = preSolution
		HideSolutionNode = FALSE
	EndGlobalSection
	GlobalSection(ExtensibilityGlobals) = postSolution
		SolutionGuid = {06B5EEE4-886A-4E86-A214-A0C63AB9C8FD}
	EndGlobalSection
EndGlobal
